// !$*UTF8*$!
{
	archiveVersion = 1;
	classes = {
	};
	objectVersion = 56;
	objects = {

/* Begin PBXBuildFile section */
		890F4A4A29413E70003B020D /* erisApp.swift in Sources */ = {isa = PBXBuildFile; fileRef = 890F4A4929413E70003B020D /* erisApp.swift */; };
		890F4A4E29413E71003B020D /* Assets.xcassets in Resources */ = {isa = PBXBuildFile; fileRef = 890F4A4D29413E71003B020D /* Assets.xcassets */; };
		890F4A5129413E71003B020D /* Preview Assets.xcassets in Resources */ = {isa = PBXBuildFile; fileRef = 890F4A5029413E71003B020D /* Preview Assets.xcassets */; };
		890F4A58294154BA003B020D /* ReviewForm.swift in Sources */ = {isa = PBXBuildFile; fileRef = 890F4A57294154BA003B020D /* ReviewForm.swift */; };
		89A4BF8129466C8C005910FF /* FirebaseManager.swift in Sources */ = {isa = PBXBuildFile; fileRef = 89A4BF8029466C8C005910FF /* FirebaseManager.swift */; };
		89B53AF9295BA54B00BAC746 /* ReviewModel.swift in Sources */ = {isa = PBXBuildFile; fileRef = 89B53AF8295BA54B00BAC746 /* ReviewModel.swift */; };
		89B53AFB295BBCB900BAC746 /* UserModel.swift in Sources */ = {isa = PBXBuildFile; fileRef = 89B53AFA295BBCB900BAC746 /* UserModel.swift */; };
		89B53B01295BCF0D00BAC746 /* FirebaseAuth in Frameworks */ = {isa = PBXBuildFile; productRef = 89B53B00295BCF0D00BAC746 /* FirebaseAuth */; };
		89B53B03295BCF0D00BAC746 /* FirebaseFirestore in Frameworks */ = {isa = PBXBuildFile; productRef = 89B53B02295BCF0D00BAC746 /* FirebaseFirestore */; };
		89B53B05295BCF0D00BAC746 /* FirebaseFirestoreSwift in Frameworks */ = {isa = PBXBuildFile; productRef = 89B53B04295BCF0D00BAC746 /* FirebaseFirestoreSwift */; };
		89B53B07295BCF0D00BAC746 /* FirebaseFunctions in Frameworks */ = {isa = PBXBuildFile; productRef = 89B53B06295BCF0D00BAC746 /* FirebaseFunctions */; };
		89B53B09295BCF0D00BAC746 /* FirebaseStorage in Frameworks */ = {isa = PBXBuildFile; productRef = 89B53B08295BCF0D00BAC746 /* FirebaseStorage */; };
		89B53B0B295BD2DD00BAC746 /* TLoginView.swift in Sources */ = {isa = PBXBuildFile; fileRef = 89B53B0A295BD2DD00BAC746 /* TLoginView.swift */; };
		89B53B0D295BD40400BAC746 /* Extensions.swift in Sources */ = {isa = PBXBuildFile; fileRef = 89B53B0C295BD40400BAC746 /* Extensions.swift */; };
		89B53B0F295CA99F00BAC746 /* HomeView.swift in Sources */ = {isa = PBXBuildFile; fileRef = 89B53B0E295CA99F00BAC746 /* HomeView.swift */; };
		89B53B11295CB41D00BAC746 /* LoadingView.swift in Sources */ = {isa = PBXBuildFile; fileRef = 89B53B10295CB41D00BAC746 /* LoadingView.swift */; };
		89B53B13295CDAC900BAC746 /* MainView.swift in Sources */ = {isa = PBXBuildFile; fileRef = 89B53B12295CDAC900BAC746 /* MainView.swift */; };
		89B53B15295CDB5A00BAC746 /* ProfileView.swift in Sources */ = {isa = PBXBuildFile; fileRef = 89B53B14295CDB5900BAC746 /* ProfileView.swift */; };
		89B53B19295D281C00BAC746 /* ReviewCardView.swift in Sources */ = {isa = PBXBuildFile; fileRef = 89B53B18295D281C00BAC746 /* ReviewCardView.swift */; };
		89B53B1B295D393E00BAC746 /* Examples.swift in Sources */ = {isa = PBXBuildFile; fileRef = 89B53B1A295D393E00BAC746 /* Examples.swift */; };
		89E4AE6E29463985002BE54C /* LoginView.swift in Sources */ = {isa = PBXBuildFile; fileRef = 89E4AE6D29463985002BE54C /* LoginView.swift */; };
		89E4AE7029463D32002BE54C /* GoogleService-Info.plist in Resources */ = {isa = PBXBuildFile; fileRef = 89E4AE6F29463D32002BE54C /* GoogleService-Info.plist */; };
/* End PBXBuildFile section */

/* Begin PBXFileReference section */
		890F4A4629413E70003B020D /* eris.app */ = {isa = PBXFileReference; explicitFileType = wrapper.application; includeInIndex = 0; path = eris.app; sourceTree = BUILT_PRODUCTS_DIR; };
		890F4A4929413E70003B020D /* erisApp.swift */ = {isa = PBXFileReference; lastKnownFileType = sourcecode.swift; path = erisApp.swift; sourceTree = "<group>"; };
		890F4A4D29413E71003B020D /* Assets.xcassets */ = {isa = PBXFileReference; lastKnownFileType = folder.assetcatalog; path = Assets.xcassets; sourceTree = "<group>"; };
		890F4A5029413E71003B020D /* Preview Assets.xcassets */ = {isa = PBXFileReference; lastKnownFileType = folder.assetcatalog; path = "Preview Assets.xcassets"; sourceTree = "<group>"; };
		890F4A57294154BA003B020D /* ReviewForm.swift */ = {isa = PBXFileReference; lastKnownFileType = sourcecode.swift; path = ReviewForm.swift; sourceTree = "<group>"; };
		89A4BF8029466C8C005910FF /* FirebaseManager.swift */ = {isa = PBXFileReference; lastKnownFileType = sourcecode.swift; path = FirebaseManager.swift; sourceTree = "<group>"; };
		89B53AF8295BA54B00BAC746 /* ReviewModel.swift */ = {isa = PBXFileReference; lastKnownFileType = sourcecode.swift; path = ReviewModel.swift; sourceTree = "<group>"; };
		89B53AFA295BBCB900BAC746 /* UserModel.swift */ = {isa = PBXFileReference; lastKnownFileType = sourcecode.swift; path = UserModel.swift; sourceTree = "<group>"; };
		89B53B0A295BD2DD00BAC746 /* TLoginView.swift */ = {isa = PBXFileReference; lastKnownFileType = sourcecode.swift; path = TLoginView.swift; sourceTree = "<group>"; };
		89B53B0C295BD40400BAC746 /* Extensions.swift */ = {isa = PBXFileReference; lastKnownFileType = sourcecode.swift; path = Extensions.swift; sourceTree = "<group>"; };
		89B53B0E295CA99F00BAC746 /* HomeView.swift */ = {isa = PBXFileReference; lastKnownFileType = sourcecode.swift; path = HomeView.swift; sourceTree = "<group>"; };
		89B53B10295CB41D00BAC746 /* LoadingView.swift */ = {isa = PBXFileReference; lastKnownFileType = sourcecode.swift; path = LoadingView.swift; sourceTree = "<group>"; };
		89B53B12295CDAC900BAC746 /* MainView.swift */ = {isa = PBXFileReference; lastKnownFileType = sourcecode.swift; path = MainView.swift; sourceTree = "<group>"; };
		89B53B14295CDB5900BAC746 /* ProfileView.swift */ = {isa = PBXFileReference; lastKnownFileType = sourcecode.swift; path = ProfileView.swift; sourceTree = "<group>"; };
		89B53B18295D281C00BAC746 /* ReviewCardView.swift */ = {isa = PBXFileReference; lastKnownFileType = sourcecode.swift; path = ReviewCardView.swift; sourceTree = "<group>"; };
		89B53B1A295D393E00BAC746 /* Examples.swift */ = {isa = PBXFileReference; lastKnownFileType = sourcecode.swift; path = Examples.swift; sourceTree = "<group>"; };
		89E4AE6D29463985002BE54C /* LoginView.swift */ = {isa = PBXFileReference; lastKnownFileType = sourcecode.swift; path = LoginView.swift; sourceTree = "<group>"; };
		89E4AE6F29463D32002BE54C /* GoogleService-Info.plist */ = {isa = PBXFileReference; fileEncoding = 4; lastKnownFileType = text.plist.xml; path = "GoogleService-Info.plist"; sourceTree = "<group>"; };
/* End PBXFileReference section */

/* Begin PBXFrameworksBuildPhase section */
		890F4A4329413E70003B020D /* Frameworks */ = {
			isa = PBXFrameworksBuildPhase;
			buildActionMask = 2147483647;
			files = (
				89B53B01295BCF0D00BAC746 /* FirebaseAuth in Frameworks */,
				89B53B03295BCF0D00BAC746 /* FirebaseFirestore in Frameworks */,
				89B53B05295BCF0D00BAC746 /* FirebaseFirestoreSwift in Frameworks */,
				89B53B09295BCF0D00BAC746 /* FirebaseStorage in Frameworks */,
				89B53B07295BCF0D00BAC746 /* FirebaseFunctions in Frameworks */,
			);
			runOnlyForDeploymentPostprocessing = 0;
		};
/* End PBXFrameworksBuildPhase section */

/* Begin PBXGroup section */
		890F4A3D29413E70003B020D = {
			isa = PBXGroup;
			children = (
				890F4A4829413E70003B020D /* eris */,
				890F4A4729413E70003B020D /* Products */,
			);
			sourceTree = "<group>";
		};
		890F4A4729413E70003B020D /* Products */ = {
			isa = PBXGroup;
			children = (
				890F4A4629413E70003B020D /* eris.app */,
			);
			name = Products;
			sourceTree = "<group>";
		};
		890F4A4829413E70003B020D /* eris */ = {
			isa = PBXGroup;
			children = (
				890F4A4929413E70003B020D /* erisApp.swift */,
				89B53AFD295BBDFB00BAC746 /* Views */,
				89B53AFC295BBDF000BAC746 /* Models */,
				89B53AFE295BBE3000BAC746 /* Utils */,
				890F4A4D29413E71003B020D /* Assets.xcassets */,
				89E4AE6F29463D32002BE54C /* GoogleService-Info.plist */,
				890F4A4F29413E71003B020D /* Preview Content */,
			);
			path = eris;
			sourceTree = "<group>";
		};
		890F4A4F29413E71003B020D /* Preview Content */ = {
			isa = PBXGroup;
			children = (
				890F4A5029413E71003B020D /* Preview Assets.xcassets */,
			);
			path = "Preview Content";
			sourceTree = "<group>";
		};
		89B53AFC295BBDF000BAC746 /* Models */ = {
			isa = PBXGroup;
			children = (
				89B53AFA295BBCB900BAC746 /* UserModel.swift */,
				89B53AF8295BA54B00BAC746 /* ReviewModel.swift */,
			);
			path = Models;
			sourceTree = "<group>";
		};
		89B53AFD295BBDFB00BAC746 /* Views */ = {
			isa = PBXGroup;
			children = (
				890F4A57294154BA003B020D /* ReviewForm.swift */,
				89E4AE6D29463985002BE54C /* LoginView.swift */,
				89B53B0A295BD2DD00BAC746 /* TLoginView.swift */,
				89B53B0E295CA99F00BAC746 /* HomeView.swift */,
				89B53B10295CB41D00BAC746 /* LoadingView.swift */,
				89B53B12295CDAC900BAC746 /* MainView.swift */,
				89B53B14295CDB5900BAC746 /* ProfileView.swift */,
				89B53B18295D281C00BAC746 /* ReviewCardView.swift */,
			);
			path = Views;
			sourceTree = "<group>";
		};
		89B53AFE295BBE3000BAC746 /* Utils */ = {
			isa = PBXGroup;
			children = (
				89A4BF8029466C8C005910FF /* FirebaseManager.swift */,
				89B53B0C295BD40400BAC746 /* Extensions.swift */,
				89B53B1A295D393E00BAC746 /* Examples.swift */,
			);
			path = Utils;
			sourceTree = "<group>";
		};
/* End PBXGroup section */

/* Begin PBXNativeTarget section */
		890F4A4529413E70003B020D /* eris */ = {
			isa = PBXNativeTarget;
			buildConfigurationList = 890F4A5429413E71003B020D /* Build configuration list for PBXNativeTarget "eris" */;
			buildPhases = (
				890F4A4229413E70003B020D /* Sources */,
				890F4A4329413E70003B020D /* Frameworks */,
				890F4A4429413E70003B020D /* Resources */,
			);
			buildRules = (
			);
			dependencies = (
			);
			name = eris;
			packageProductDependencies = (
				89B53B00295BCF0D00BAC746 /* FirebaseAuth */,
				89B53B02295BCF0D00BAC746 /* FirebaseFirestore */,
				89B53B04295BCF0D00BAC746 /* FirebaseFirestoreSwift */,
				89B53B06295BCF0D00BAC746 /* FirebaseFunctions */,
				89B53B08295BCF0D00BAC746 /* FirebaseStorage */,
			);
			productName = eris;
			productReference = 890F4A4629413E70003B020D /* eris.app */;
			productType = "com.apple.product-type.application";
		};
/* End PBXNativeTarget section */

/* Begin PBXProject section */
		890F4A3E29413E70003B020D /* Project object */ = {
			isa = PBXProject;
			attributes = {
				BuildIndependentTargetsInParallel = 1;
				LastSwiftUpdateCheck = 1410;
				LastUpgradeCheck = 1410;
				TargetAttributes = {
					890F4A4529413E70003B020D = {
						CreatedOnToolsVersion = 14.1;
					};
				};
			};
			buildConfigurationList = 890F4A4129413E70003B020D /* Build configuration list for PBXProject "eris" */;
			compatibilityVersion = "Xcode 14.0";
			developmentRegion = en;
			hasScannedForEncodings = 0;
			knownRegions = (
				en,
				Base,
			);
			mainGroup = 890F4A3D29413E70003B020D;
			packageReferences = (
				89B53AFF295BCF0D00BAC746 /* XCRemoteSwiftPackageReference "firebase-ios-sdk" */,
			);
			productRefGroup = 890F4A4729413E70003B020D /* Products */;
			projectDirPath = "";
			projectRoot = "";
			targets = (
				890F4A4529413E70003B020D /* eris */,
			);
		};
/* End PBXProject section */

/* Begin PBXResourcesBuildPhase section */
		890F4A4429413E70003B020D /* Resources */ = {
			isa = PBXResourcesBuildPhase;
			buildActionMask = 2147483647;
			files = (
				890F4A5129413E71003B020D /* Preview Assets.xcassets in Resources */,
				89E4AE7029463D32002BE54C /* GoogleService-Info.plist in Resources */,
				890F4A4E29413E71003B020D /* Assets.xcassets in Resources */,
			);
			runOnlyForDeploymentPostprocessing = 0;
		};
/* End PBXResourcesBuildPhase section */

/* Begin PBXSourcesBuildPhase section */
		890F4A4229413E70003B020D /* Sources */ = {
			isa = PBXSourcesBuildPhase;
			buildActionMask = 2147483647;
			files = (
				89B53B1B295D393E00BAC746 /* Examples.swift in Sources */,
				890F4A58294154BA003B020D /* ReviewForm.swift in Sources */,
				89B53B0D295BD40400BAC746 /* Extensions.swift in Sources */,
				89B53AFB295BBCB900BAC746 /* UserModel.swift in Sources */,
				89B53B11295CB41D00BAC746 /* LoadingView.swift in Sources */,
				89B53B15295CDB5A00BAC746 /* ProfileView.swift in Sources */,
				89B53B19295D281C00BAC746 /* ReviewCardView.swift in Sources */,
				89B53B0F295CA99F00BAC746 /* HomeView.swift in Sources */,
				89B53B0B295BD2DD00BAC746 /* TLoginView.swift in Sources */,
				89A4BF8129466C8C005910FF /* FirebaseManager.swift in Sources */,
				89B53B13295CDAC900BAC746 /* MainView.swift in Sources */,
				89E4AE6E29463985002BE54C /* LoginView.swift in Sources */,
				890F4A4A29413E70003B020D /* erisApp.swift in Sources */,
				89B53AF9295BA54B00BAC746 /* ReviewModel.swift in Sources */,
			);
			runOnlyForDeploymentPostprocessing = 0;
		};
/* End PBXSourcesBuildPhase section */

/* Begin XCBuildConfiguration section */
		890F4A5229413E71003B020D /* Debug */ = {
			isa = XCBuildConfiguration;
			buildSettings = {
				ALWAYS_SEARCH_USER_PATHS = NO;
				CLANG_ANALYZER_NONNULL = YES;
				CLANG_ANALYZER_NUMBER_OBJECT_CONVERSION = YES_AGGRESSIVE;
				CLANG_CXX_LANGUAGE_STANDARD = "gnu++20";
				CLANG_ENABLE_MODULES = YES;
				CLANG_ENABLE_OBJC_ARC = YES;
				CLANG_ENABLE_OBJC_WEAK = YES;
				CLANG_WARN_BLOCK_CAPTURE_AUTORELEASING = YES;
				CLANG_WARN_BOOL_CONVERSION = YES;
				CLANG_WARN_COMMA = YES;
				CLANG_WARN_CONSTANT_CONVERSION = YES;
				CLANG_WARN_DEPRECATED_OBJC_IMPLEMENTATIONS = YES;
				CLANG_WARN_DIRECT_OBJC_ISA_USAGE = YES_ERROR;
				CLANG_WARN_DOCUMENTATION_COMMENTS = YES;
				CLANG_WARN_EMPTY_BODY = YES;
				CLANG_WARN_ENUM_CONVERSION = YES;
				CLANG_WARN_INFINITE_RECURSION = YES;
				CLANG_WARN_INT_CONVERSION = YES;
				CLANG_WARN_NON_LITERAL_NULL_CONVERSION = YES;
				CLANG_WARN_OBJC_IMPLICIT_RETAIN_SELF = YES;
				CLANG_WARN_OBJC_LITERAL_CONVERSION = YES;
				CLANG_WARN_OBJC_ROOT_CLASS = YES_ERROR;
				CLANG_WARN_QUOTED_INCLUDE_IN_FRAMEWORK_HEADER = YES;
				CLANG_WARN_RANGE_LOOP_ANALYSIS = YES;
				CLANG_WARN_STRICT_PROTOTYPES = YES;
				CLANG_WARN_SUSPICIOUS_MOVE = YES;
				CLANG_WARN_UNGUARDED_AVAILABILITY = YES_AGGRESSIVE;
				CLANG_WARN_UNREACHABLE_CODE = YES;
				CLANG_WARN__DUPLICATE_METHOD_MATCH = YES;
				COPY_PHASE_STRIP = NO;
				DEBUG_INFORMATION_FORMAT = dwarf;
				ENABLE_STRICT_OBJC_MSGSEND = YES;
				ENABLE_TESTABILITY = YES;
				GCC_C_LANGUAGE_STANDARD = gnu11;
				GCC_DYNAMIC_NO_PIC = NO;
				GCC_NO_COMMON_BLOCKS = YES;
				GCC_OPTIMIZATION_LEVEL = 0;
				GCC_PREPROCESSOR_DEFINITIONS = (
					"DEBUG=1",
					"$(inherited)",
				);
				GCC_WARN_64_TO_32_BIT_CONVERSION = YES;
				GCC_WARN_ABOUT_RETURN_TYPE = YES_ERROR;
				GCC_WARN_UNDECLARED_SELECTOR = YES;
				GCC_WARN_UNINITIALIZED_AUTOS = YES_AGGRESSIVE;
				GCC_WARN_UNUSED_FUNCTION = YES;
				GCC_WARN_UNUSED_VARIABLE = YES;
				IPHONEOS_DEPLOYMENT_TARGET = 16.1;
				MTL_ENABLE_DEBUG_INFO = INCLUDE_SOURCE;
				MTL_FAST_MATH = YES;
				ONLY_ACTIVE_ARCH = YES;
				SDKROOT = iphoneos;
				SWIFT_ACTIVE_COMPILATION_CONDITIONS = DEBUG;
				SWIFT_OPTIMIZATION_LEVEL = "-Onone";
			};
			name = Debug;
		};
		890F4A5329413E71003B020D /* Release */ = {
			isa = XCBuildConfiguration;
			buildSettings = {
				ALWAYS_SEARCH_USER_PATHS = NO;
				CLANG_ANALYZER_NONNULL = YES;
				CLANG_ANALYZER_NUMBER_OBJECT_CONVERSION = YES_AGGRESSIVE;
				CLANG_CXX_LANGUAGE_STANDARD = "gnu++20";
				CLANG_ENABLE_MODULES = YES;
				CLANG_ENABLE_OBJC_ARC = YES;
				CLANG_ENABLE_OBJC_WEAK = YES;
				CLANG_WARN_BLOCK_CAPTURE_AUTORELEASING = YES;
				CLANG_WARN_BOOL_CONVERSION = YES;
				CLANG_WARN_COMMA = YES;
				CLANG_WARN_CONSTANT_CONVERSION = YES;
				CLANG_WARN_DEPRECATED_OBJC_IMPLEMENTATIONS = YES;
				CLANG_WARN_DIRECT_OBJC_ISA_USAGE = YES_ERROR;
				CLANG_WARN_DOCUMENTATION_COMMENTS = YES;
				CLANG_WARN_EMPTY_BODY = YES;
				CLANG_WARN_ENUM_CONVERSION = YES;
				CLANG_WARN_INFINITE_RECURSION = YES;
				CLANG_WARN_INT_CONVERSION = YES;
				CLANG_WARN_NON_LITERAL_NULL_CONVERSION = YES;
				CLANG_WARN_OBJC_IMPLICIT_RETAIN_SELF = YES;
				CLANG_WARN_OBJC_LITERAL_CONVERSION = YES;
				CLANG_WARN_OBJC_ROOT_CLASS = YES_ERROR;
				CLANG_WARN_QUOTED_INCLUDE_IN_FRAMEWORK_HEADER = YES;
				CLANG_WARN_RANGE_LOOP_ANALYSIS = YES;
				CLANG_WARN_STRICT_PROTOTYPES = YES;
				CLANG_WARN_SUSPICIOUS_MOVE = YES;
				CLANG_WARN_UNGUARDED_AVAILABILITY = YES_AGGRESSIVE;
				CLANG_WARN_UNREACHABLE_CODE = YES;
				CLANG_WARN__DUPLICATE_METHOD_MATCH = YES;
				COPY_PHASE_STRIP = NO;
				DEBUG_INFORMATION_FORMAT = "dwarf-with-dsym";
				ENABLE_NS_ASSERTIONS = NO;
				ENABLE_STRICT_OBJC_MSGSEND = YES;
				GCC_C_LANGUAGE_STANDARD = gnu11;
				GCC_NO_COMMON_BLOCKS = YES;
				GCC_WARN_64_TO_32_BIT_CONVERSION = YES;
				GCC_WARN_ABOUT_RETURN_TYPE = YES_ERROR;
				GCC_WARN_UNDECLARED_SELECTOR = YES;
				GCC_WARN_UNINITIALIZED_AUTOS = YES_AGGRESSIVE;
				GCC_WARN_UNUSED_FUNCTION = YES;
				GCC_WARN_UNUSED_VARIABLE = YES;
				IPHONEOS_DEPLOYMENT_TARGET = 16.1;
				MTL_ENABLE_DEBUG_INFO = NO;
				MTL_FAST_MATH = YES;
				SDKROOT = iphoneos;
				SWIFT_COMPILATION_MODE = wholemodule;
				SWIFT_OPTIMIZATION_LEVEL = "-O";
				VALIDATE_PRODUCT = YES;
			};
			name = Release;
		};
		890F4A5529413E71003B020D /* Debug */ = {
			isa = XCBuildConfiguration;
			buildSettings = {
				ASSETCATALOG_COMPILER_APPICON_NAME = AppIcon;
				ASSETCATALOG_COMPILER_GLOBAL_ACCENT_COLOR_NAME = AccentColor;
				CODE_SIGN_STYLE = Automatic;
				CURRENT_PROJECT_VERSION = 1;
				DEVELOPMENT_ASSET_PATHS = "\"eris/Preview Content\"";
				DEVELOPMENT_TEAM = L4M75K683P;
				ENABLE_PREVIEWS = YES;
				GENERATE_INFOPLIST_FILE = YES;
				INFOPLIST_KEY_UIApplicationSceneManifest_Generation = YES;
				INFOPLIST_KEY_UIApplicationSupportsIndirectInputEvents = YES;
				INFOPLIST_KEY_UILaunchScreen_Generation = YES;
				INFOPLIST_KEY_UISupportedInterfaceOrientations_iPad = "UIInterfaceOrientationPortrait UIInterfaceOrientationPortraitUpsideDown UIInterfaceOrientationLandscapeLeft UIInterfaceOrientationLandscapeRight";
				INFOPLIST_KEY_UISupportedInterfaceOrientations_iPhone = "UIInterfaceOrientationPortrait UIInterfaceOrientationLandscapeLeft UIInterfaceOrientationLandscapeRight";
				INFOPLIST_KEY_UIUserInterfaceStyle = Light;
				LD_RUNPATH_SEARCH_PATHS = (
					"$(inherited)",
					"@executable_path/Frameworks",
				);
				MARKETING_VERSION = 1.0;
				PRODUCT_BUNDLE_IDENTIFIER = com.apekshik.eris;
				PRODUCT_NAME = "$(TARGET_NAME)";
				SWIFT_EMIT_LOC_STRINGS = YES;
				SWIFT_VERSION = 5.0;
				TARGETED_DEVICE_FAMILY = "1,2";
			};
			name = Debug;
		};
		890F4A5629413E71003B020D /* Release */ = {
			isa = XCBuildConfiguration;
			buildSettings = {
				ASSETCATALOG_COMPILER_APPICON_NAME = AppIcon;
				ASSETCATALOG_COMPILER_GLOBAL_ACCENT_COLOR_NAME = AccentColor;
				CODE_SIGN_STYLE = Automatic;
				CURRENT_PROJECT_VERSION = 1;
				DEVELOPMENT_ASSET_PATHS = "\"eris/Preview Content\"";
				DEVELOPMENT_TEAM = L4M75K683P;
				ENABLE_PREVIEWS = YES;
				GENERATE_INFOPLIST_FILE = YES;
				INFOPLIST_KEY_UIApplicationSceneManifest_Generation = YES;
				INFOPLIST_KEY_UIApplicationSupportsIndirectInputEvents = YES;
				INFOPLIST_KEY_UILaunchScreen_Generation = YES;
				INFOPLIST_KEY_UISupportedInterfaceOrientations_iPad = "UIInterfaceOrientationPortrait UIInterfaceOrientationPortraitUpsideDown UIInterfaceOrientationLandscapeLeft UIInterfaceOrientationLandscapeRight";
				INFOPLIST_KEY_UISupportedInterfaceOrientations_iPhone = "UIInterfaceOrientationPortrait UIInterfaceOrientationLandscapeLeft UIInterfaceOrientationLandscapeRight";
				INFOPLIST_KEY_UIUserInterfaceStyle = Light;
				LD_RUNPATH_SEARCH_PATHS = (
					"$(inherited)",
					"@executable_path/Frameworks",
				);
				MARKETING_VERSION = 1.0;
				PRODUCT_BUNDLE_IDENTIFIER = com.apekshik.eris;
				PRODUCT_NAME = "$(TARGET_NAME)";
				SWIFT_EMIT_LOC_STRINGS = YES;
				SWIFT_VERSION = 5.0;
				TARGETED_DEVICE_FAMILY = "1,2";
			};
			name = Release;
		};
/* End XCBuildConfiguration section */

/* Begin XCConfigurationList section */
		890F4A4129413E70003B020D /* Build configuration list for PBXProject "eris" */ = {
			isa = XCConfigurationList;
			buildConfigurations = (
				890F4A5229413E71003B020D /* Debug */,
				890F4A5329413E71003B020D /* Release */,
			);
			defaultConfigurationIsVisible = 0;
			defaultConfigurationName = Release;
		};
		890F4A5429413E71003B020D /* Build configuration list for PBXNativeTarget "eris" */ = {
			isa = XCConfigurationList;
			buildConfigurations = (
				890F4A5529413E71003B020D /* Debug */,
				890F4A5629413E71003B020D /* Release */,
			);
			defaultConfigurationIsVisible = 0;
			defaultConfigurationName = Release;
		};
/* End XCConfigurationList section */

/* Begin XCRemoteSwiftPackageReference section */
		89B53AFF295BCF0D00BAC746 /* XCRemoteSwiftPackageReference "firebase-ios-sdk" */ = {
			isa = XCRemoteSwiftPackageReference;
			repositoryURL = "https://github.com/firebase/firebase-ios-sdk";
			requirement = {
				branch = master;
				kind = branch;
			};
		};
/* End XCRemoteSwiftPackageReference section */

/* Begin XCSwiftPackageProductDependency section */
		89B53B00295BCF0D00BAC746 /* FirebaseAuth */ = {
			isa = XCSwiftPackageProductDependency;
			package = 89B53AFF295BCF0D00BAC746 /* XCRemoteSwiftPackageReference "firebase-ios-sdk" */;
			productName = FirebaseAuth;
		};
		89B53B02295BCF0D00BAC746 /* FirebaseFirestore */ = {
			isa = XCSwiftPackageProductDependency;
			package = 89B53AFF295BCF0D00BAC746 /* XCRemoteSwiftPackageReference "firebase-ios-sdk" */;
			productName = FirebaseFirestore;
		};
		89B53B04295BCF0D00BAC746 /* FirebaseFirestoreSwift */ = {
			isa = XCSwiftPackageProductDependency;
			package = 89B53AFF295BCF0D00BAC746 /* XCRemoteSwiftPackageReference "firebase-ios-sdk" */;
			productName = FirebaseFirestoreSwift;
		};
		89B53B06295BCF0D00BAC746 /* FirebaseFunctions */ = {
			isa = XCSwiftPackageProductDependency;
			package = 89B53AFF295BCF0D00BAC746 /* XCRemoteSwiftPackageReference "firebase-ios-sdk" */;
			productName = FirebaseFunctions;
		};
		89B53B08295BCF0D00BAC746 /* FirebaseStorage */ = {
			isa = XCSwiftPackageProductDependency;
			package = 89B53AFF295BCF0D00BAC746 /* XCRemoteSwiftPackageReference "firebase-ios-sdk" */;
			productName = FirebaseStorage;
		};
/* End XCSwiftPackageProductDependency section */
	};
	rootObject = 890F4A3E29413E70003B020D /* Project object */;
}
