// !$*UTF8*$!
{
	archiveVersion = 1;
	classes = {
	};
	objectVersion = 56;
	objects = {

/* Begin PBXBuildFile section */
		89099F9529786DCB00107977 /* BackgroundView.swift in Sources */ = {isa = PBXBuildFile; fileRef = 89099F9429786DCB00107977 /* BackgroundView.swift */; };
		890F4A4A29413E70003B020D /* erisApp.swift in Sources */ = {isa = PBXBuildFile; fileRef = 890F4A4929413E70003B020D /* erisApp.swift */; };
		890F4A4E29413E71003B020D /* Assets.xcassets in Resources */ = {isa = PBXBuildFile; fileRef = 890F4A4D29413E71003B020D /* Assets.xcassets */; };
		890F4A5129413E71003B020D /* Preview Assets.xcassets in Resources */ = {isa = PBXBuildFile; fileRef = 890F4A5029413E71003B020D /* Preview Assets.xcassets */; };
		890F4A58294154BA003B020D /* PostForm.swift in Sources */ = {isa = PBXBuildFile; fileRef = 890F4A57294154BA003B020D /* PostForm.swift */; };
		8938E9012969F5FB0083378A /* AuthError.swift in Sources */ = {isa = PBXBuildFile; fileRef = 8938E9002969F5FB0083378A /* AuthError.swift */; };
		8938E903296A48110083378A /* EmptyMyProfileView.swift in Sources */ = {isa = PBXBuildFile; fileRef = 8938E902296A48110083378A /* EmptyMyProfileView.swift */; };
		8938E90E296A5A840083378A /* OnboardingView.swift in Sources */ = {isa = PBXBuildFile; fileRef = 8938E90D296A5A840083378A /* OnboardingView.swift */; };
		8938E910296A92920083378A /* EmptyFeedView.swift in Sources */ = {isa = PBXBuildFile; fileRef = 8938E90F296A92920083378A /* EmptyFeedView.swift */; };
		8938E912296A962B0083378A /* EmptySearchView.swift in Sources */ = {isa = PBXBuildFile; fileRef = 8938E911296A962B0083378A /* EmptySearchView.swift */; };
		8938E914296A97380083378A /* EmptyUserProfileView.swift in Sources */ = {isa = PBXBuildFile; fileRef = 8938E913296A97380083378A /* EmptyUserProfileView.swift */; };
		8938E916296B0C530083378A /* MyDataModel.swift in Sources */ = {isa = PBXBuildFile; fileRef = 8938E915296B0C530083378A /* MyDataModel.swift */; };
		8938E918296C74610083378A /* IDETemplateMacros.plist in Resources */ = {isa = PBXBuildFile; fileRef = 8938E917296C74610083378A /* IDETemplateMacros.plist */; };
		8938E91C296CC1980083378A /* LivePostModel.swift in Sources */ = {isa = PBXBuildFile; fileRef = 8938E91B296CC1980083378A /* LivePostModel.swift */; };
		8938E91E296CF5E70083378A /* AddLivePostView.swift in Sources */ = {isa = PBXBuildFile; fileRef = 8938E91D296CF5E70083378A /* AddLivePostView.swift */; };
		894600EA295F5CE2007D498C /* SearchUserCardView.swift in Sources */ = {isa = PBXBuildFile; fileRef = 894600E9295F5CE2007D498C /* SearchUserCardView.swift */; };
		894600EC295F5EE8007D498C /* UserProfileView.swift in Sources */ = {isa = PBXBuildFile; fileRef = 894600EB295F5EE8007D498C /* UserProfileView.swift */; };
		894600EE2960B80B007D498C /* PostPageView.swift in Sources */ = {isa = PBXBuildFile; fileRef = 894600ED2960B80B007D498C /* PostPageView.swift */; };
		894600F02960DB12007D498C /* CommentModel.swift in Sources */ = {isa = PBXBuildFile; fileRef = 894600EF2960DB12007D498C /* CommentModel.swift */; };
		894600F22960ED64007D498C /* TestView.swift in Sources */ = {isa = PBXBuildFile; fileRef = 894600F12960ED64007D498C /* TestView.swift */; };
		894600F4296100B7007D498C /* CommentSectionBodyView.swift in Sources */ = {isa = PBXBuildFile; fileRef = 894600F3296100B7007D498C /* CommentSectionBodyView.swift */; };
		894600F62961D99A007D498C /* AddCommentView.swift in Sources */ = {isa = PBXBuildFile; fileRef = 894600F52961D99A007D498C /* AddCommentView.swift */; };
		895EEAC82971EAEE0047FBE1 /* FCMTokenModel.swift in Sources */ = {isa = PBXBuildFile; fileRef = 895EEAC72971EAEE0047FBE1 /* FCMTokenModel.swift */; };
		895EEACB297271CD0047FBE1 /* LivePostTutorialView.swift in Sources */ = {isa = PBXBuildFile; fileRef = 895EEACA297271CD0047FBE1 /* LivePostTutorialView.swift */; };
		8979E4BC295DDAF800B0DEEA /* LivePostView.swift in Sources */ = {isa = PBXBuildFile; fileRef = 8979E4BB295DDAF800B0DEEA /* LivePostView.swift */; };
		8979E4BE295E405C00B0DEEA /* SearchPageView.swift in Sources */ = {isa = PBXBuildFile; fileRef = 8979E4BD295E405C00B0DEEA /* SearchPageView.swift */; };
		89870067296DE8D700042CA8 /* Test2View.swift in Sources */ = {isa = PBXBuildFile; fileRef = 89870066296DE8D700042CA8 /* Test2View.swift */; };
		89870069296E051000042CA8 /* ScrollViewController.swift in Sources */ = {isa = PBXBuildFile; fileRef = 89870068296E051000042CA8 /* ScrollViewController.swift */; };
		89870070296E6DFE00042CA8 /* SDWebImageSwiftUI in Frameworks */ = {isa = PBXBuildFile; productRef = 8987006F296E6DFE00042CA8 /* SDWebImageSwiftUI */; };
		89870073296F158500042CA8 /* FirebaseAuth in Frameworks */ = {isa = PBXBuildFile; productRef = 89870072296F158500042CA8 /* FirebaseAuth */; };
		89870075296F158500042CA8 /* FirebaseFirestore in Frameworks */ = {isa = PBXBuildFile; productRef = 89870074296F158500042CA8 /* FirebaseFirestore */; };
		89870077296F158500042CA8 /* FirebaseFirestoreSwift in Frameworks */ = {isa = PBXBuildFile; productRef = 89870076296F158500042CA8 /* FirebaseFirestoreSwift */; };
		89870079296F158500042CA8 /* FirebaseFunctions in Frameworks */ = {isa = PBXBuildFile; productRef = 89870078296F158500042CA8 /* FirebaseFunctions */; };
		8987007B296F158500042CA8 /* FirebaseInAppMessaging-Beta in Frameworks */ = {isa = PBXBuildFile; productRef = 8987007A296F158500042CA8 /* FirebaseInAppMessaging-Beta */; };
		8987007D296F158500042CA8 /* FirebaseInAppMessagingSwift-Beta in Frameworks */ = {isa = PBXBuildFile; productRef = 8987007C296F158500042CA8 /* FirebaseInAppMessagingSwift-Beta */; };
		8987007F296F158500042CA8 /* FirebaseMessaging in Frameworks */ = {isa = PBXBuildFile; productRef = 8987007E296F158500042CA8 /* FirebaseMessaging */; };
		89870081296F158500042CA8 /* FirebaseStorage in Frameworks */ = {isa = PBXBuildFile; productRef = 89870080296F158500042CA8 /* FirebaseStorage */; };
		89870084296F167600042CA8 /* FirebaseAnalytics in Frameworks */ = {isa = PBXBuildFile; productRef = 89870083296F167600042CA8 /* FirebaseAnalytics */; };
		89870086296F167600042CA8 /* FirebaseAnalyticsSwift in Frameworks */ = {isa = PBXBuildFile; productRef = 89870085296F167600042CA8 /* FirebaseAnalyticsSwift */; };
		89A4BF8129466C8C005910FF /* FirebaseManager.swift in Sources */ = {isa = PBXBuildFile; fileRef = 89A4BF8029466C8C005910FF /* FirebaseManager.swift */; };
		89B4DFD62963741200BE584A /* UserCardView.swift in Sources */ = {isa = PBXBuildFile; fileRef = 89B4DFD52963741200BE584A /* UserCardView.swift */; };
		89B4DFD829640C1E00BE584A /* FeedView.swift in Sources */ = {isa = PBXBuildFile; fileRef = 89B4DFD729640C1E00BE584A /* FeedView.swift */; };
		89B4DFDC296545FC00BE584A /* FeedPostCardView.swift in Sources */ = {isa = PBXBuildFile; fileRef = 89B4DFDB296545FC00BE584A /* FeedPostCardView.swift */; };
		89B4DFDE2965FAC400BE584A /* FeedPostPageView.swift in Sources */ = {isa = PBXBuildFile; fileRef = 89B4DFDD2965FAC400BE584A /* FeedPostPageView.swift */; };
		89B4DFE0296629DC00BE584A /* LikeModel.swift in Sources */ = {isa = PBXBuildFile; fileRef = 89B4DFDF296629DC00BE584A /* LikeModel.swift */; };
		89B4DFE22967682800BE584A /* ReportFormView.swift in Sources */ = {isa = PBXBuildFile; fileRef = 89B4DFE12967682800BE584A /* ReportFormView.swift */; };
		89B4DFE429676F4200BE584A /* ReportModel.swift in Sources */ = {isa = PBXBuildFile; fileRef = 89B4DFE329676F4200BE584A /* ReportModel.swift */; };
		89B53AF9295BA54B00BAC746 /* PostModel.swift in Sources */ = {isa = PBXBuildFile; fileRef = 89B53AF8295BA54B00BAC746 /* PostModel.swift */; };
		89B53AFB295BBCB900BAC746 /* UserModel.swift in Sources */ = {isa = PBXBuildFile; fileRef = 89B53AFA295BBCB900BAC746 /* UserModel.swift */; };
		89B53B0B295BD2DD00BAC746 /* TLoginView.swift in Sources */ = {isa = PBXBuildFile; fileRef = 89B53B0A295BD2DD00BAC746 /* TLoginView.swift */; };
		89B53B0D295BD40400BAC746 /* Extensions.swift in Sources */ = {isa = PBXBuildFile; fileRef = 89B53B0C295BD40400BAC746 /* Extensions.swift */; };
		89B53B0F295CA99F00BAC746 /* HomeView.swift in Sources */ = {isa = PBXBuildFile; fileRef = 89B53B0E295CA99F00BAC746 /* HomeView.swift */; };
		89B53B11295CB41D00BAC746 /* LoadingView.swift in Sources */ = {isa = PBXBuildFile; fileRef = 89B53B10295CB41D00BAC746 /* LoadingView.swift */; };
		89B53B15295CDB5A00BAC746 /* MyProfileView.swift in Sources */ = {isa = PBXBuildFile; fileRef = 89B53B14295CDB5900BAC746 /* MyProfileView.swift */; };
		89B53B19295D281C00BAC746 /* PostCardView.swift in Sources */ = {isa = PBXBuildFile; fileRef = 89B53B18295D281C00BAC746 /* PostCardView.swift */; };
		89B53B1B295D393E00BAC746 /* Examples.swift in Sources */ = {isa = PBXBuildFile; fileRef = 89B53B1A295D393E00BAC746 /* Examples.swift */; };
		89D3ADAC2967AC22005B89FE /* AboutSheetView.swift in Sources */ = {isa = PBXBuildFile; fileRef = 89D3ADAB2967AC22005B89FE /* AboutSheetView.swift */; };
		89D3ADAE2968C314005B89FE /* TFeedReviewCardView.swift in Sources */ = {isa = PBXBuildFile; fileRef = 89D3ADAD2968C314005B89FE /* TFeedReviewCardView.swift */; };
		89E4AE6E29463985002BE54C /* LoginView.swift in Sources */ = {isa = PBXBuildFile; fileRef = 89E4AE6D29463985002BE54C /* LoginView.swift */; };
		89E4AE7029463D32002BE54C /* GoogleService-Info.plist in Resources */ = {isa = PBXBuildFile; fileRef = 89E4AE6F29463D32002BE54C /* GoogleService-Info.plist */; };
/* End PBXBuildFile section */

/* Begin PBXFileReference section */
		89099F9429786DCB00107977 /* BackgroundView.swift */ = {isa = PBXFileReference; lastKnownFileType = sourcecode.swift; path = BackgroundView.swift; sourceTree = "<group>"; };
		890F4A4629413E70003B020D /* eris.app */ = {isa = PBXFileReference; explicitFileType = wrapper.application; includeInIndex = 0; path = eris.app; sourceTree = BUILT_PRODUCTS_DIR; };
		890F4A4929413E70003B020D /* erisApp.swift */ = {isa = PBXFileReference; lastKnownFileType = sourcecode.swift; path = erisApp.swift; sourceTree = "<group>"; };
		890F4A4D29413E71003B020D /* Assets.xcassets */ = {isa = PBXFileReference; lastKnownFileType = folder.assetcatalog; path = Assets.xcassets; sourceTree = "<group>"; };
		890F4A5029413E71003B020D /* Preview Assets.xcassets */ = {isa = PBXFileReference; lastKnownFileType = folder.assetcatalog; path = "Preview Assets.xcassets"; sourceTree = "<group>"; };
		890F4A57294154BA003B020D /* PostForm.swift */ = {isa = PBXFileReference; lastKnownFileType = sourcecode.swift; path = PostForm.swift; sourceTree = "<group>"; };
		8938E9002969F5FB0083378A /* AuthError.swift */ = {isa = PBXFileReference; lastKnownFileType = sourcecode.swift; path = AuthError.swift; sourceTree = "<group>"; };
		8938E902296A48110083378A /* EmptyMyProfileView.swift */ = {isa = PBXFileReference; lastKnownFileType = sourcecode.swift; path = EmptyMyProfileView.swift; sourceTree = "<group>"; };
		8938E90D296A5A840083378A /* OnboardingView.swift */ = {isa = PBXFileReference; lastKnownFileType = sourcecode.swift; path = OnboardingView.swift; sourceTree = "<group>"; };
		8938E90F296A92920083378A /* EmptyFeedView.swift */ = {isa = PBXFileReference; lastKnownFileType = sourcecode.swift; path = EmptyFeedView.swift; sourceTree = "<group>"; };
		8938E911296A962B0083378A /* EmptySearchView.swift */ = {isa = PBXFileReference; lastKnownFileType = sourcecode.swift; path = EmptySearchView.swift; sourceTree = "<group>"; };
		8938E913296A97380083378A /* EmptyUserProfileView.swift */ = {isa = PBXFileReference; lastKnownFileType = sourcecode.swift; path = EmptyUserProfileView.swift; sourceTree = "<group>"; };
		8938E915296B0C530083378A /* MyDataModel.swift */ = {isa = PBXFileReference; lastKnownFileType = sourcecode.swift; path = MyDataModel.swift; sourceTree = "<group>"; };
		8938E917296C74610083378A /* IDETemplateMacros.plist */ = {isa = PBXFileReference; lastKnownFileType = text.plist.xml; path = IDETemplateMacros.plist; sourceTree = "<group>"; };
		8938E91B296CC1980083378A /* LivePostModel.swift */ = {isa = PBXFileReference; lastKnownFileType = sourcecode.swift; path = LivePostModel.swift; sourceTree = "<group>"; };
		8938E91D296CF5E70083378A /* AddLivePostView.swift */ = {isa = PBXFileReference; lastKnownFileType = sourcecode.swift; path = AddLivePostView.swift; sourceTree = "<group>"; };
		894600E9295F5CE2007D498C /* SearchUserCardView.swift */ = {isa = PBXFileReference; lastKnownFileType = sourcecode.swift; path = SearchUserCardView.swift; sourceTree = "<group>"; };
		894600EB295F5EE8007D498C /* UserProfileView.swift */ = {isa = PBXFileReference; lastKnownFileType = sourcecode.swift; path = UserProfileView.swift; sourceTree = "<group>"; };
		894600ED2960B80B007D498C /* PostPageView.swift */ = {isa = PBXFileReference; lastKnownFileType = sourcecode.swift; path = PostPageView.swift; sourceTree = "<group>"; };
		894600EF2960DB12007D498C /* CommentModel.swift */ = {isa = PBXFileReference; lastKnownFileType = sourcecode.swift; path = CommentModel.swift; sourceTree = "<group>"; };
		894600F12960ED64007D498C /* TestView.swift */ = {isa = PBXFileReference; lastKnownFileType = sourcecode.swift; path = TestView.swift; sourceTree = "<group>"; };
		894600F3296100B7007D498C /* CommentSectionBodyView.swift */ = {isa = PBXFileReference; lastKnownFileType = sourcecode.swift; path = CommentSectionBodyView.swift; sourceTree = "<group>"; };
		894600F52961D99A007D498C /* AddCommentView.swift */ = {isa = PBXFileReference; lastKnownFileType = sourcecode.swift; path = AddCommentView.swift; sourceTree = "<group>"; };
		895EEAC72971EAEE0047FBE1 /* FCMTokenModel.swift */ = {isa = PBXFileReference; lastKnownFileType = sourcecode.swift; path = FCMTokenModel.swift; sourceTree = "<group>"; };
		895EEACA297271CD0047FBE1 /* LivePostTutorialView.swift */ = {isa = PBXFileReference; lastKnownFileType = sourcecode.swift; path = LivePostTutorialView.swift; sourceTree = "<group>"; };
		8979E4BB295DDAF800B0DEEA /* LivePostView.swift */ = {isa = PBXFileReference; lastKnownFileType = sourcecode.swift; path = LivePostView.swift; sourceTree = "<group>"; };
		8979E4BD295E405C00B0DEEA /* SearchPageView.swift */ = {isa = PBXFileReference; lastKnownFileType = sourcecode.swift; path = SearchPageView.swift; sourceTree = "<group>"; };
		89870066296DE8D700042CA8 /* Test2View.swift */ = {isa = PBXFileReference; lastKnownFileType = sourcecode.swift; path = Test2View.swift; sourceTree = "<group>"; };
		89870068296E051000042CA8 /* ScrollViewController.swift */ = {isa = PBXFileReference; lastKnownFileType = sourcecode.swift; path = ScrollViewController.swift; sourceTree = "<group>"; };
		89870087296F16AF00042CA8 /* eris.entitlements */ = {isa = PBXFileReference; lastKnownFileType = text.plist.entitlements; path = eris.entitlements; sourceTree = "<group>"; };
		89870088296F16CA00042CA8 /* Info.plist */ = {isa = PBXFileReference; lastKnownFileType = text.plist; path = Info.plist; sourceTree = "<group>"; };
		89A4BF8029466C8C005910FF /* FirebaseManager.swift */ = {isa = PBXFileReference; lastKnownFileType = sourcecode.swift; path = FirebaseManager.swift; sourceTree = "<group>"; };
		89B4DFD52963741200BE584A /* UserCardView.swift */ = {isa = PBXFileReference; lastKnownFileType = sourcecode.swift; path = UserCardView.swift; sourceTree = "<group>"; };
		89B4DFD729640C1E00BE584A /* FeedView.swift */ = {isa = PBXFileReference; lastKnownFileType = sourcecode.swift; path = FeedView.swift; sourceTree = "<group>"; };
		89B4DFDB296545FC00BE584A /* FeedPostCardView.swift */ = {isa = PBXFileReference; lastKnownFileType = sourcecode.swift; path = FeedPostCardView.swift; sourceTree = "<group>"; };
		89B4DFDD2965FAC400BE584A /* FeedPostPageView.swift */ = {isa = PBXFileReference; lastKnownFileType = sourcecode.swift; path = FeedPostPageView.swift; sourceTree = "<group>"; };
		89B4DFDF296629DC00BE584A /* LikeModel.swift */ = {isa = PBXFileReference; lastKnownFileType = sourcecode.swift; path = LikeModel.swift; sourceTree = "<group>"; };
		89B4DFE12967682800BE584A /* ReportFormView.swift */ = {isa = PBXFileReference; lastKnownFileType = sourcecode.swift; path = ReportFormView.swift; sourceTree = "<group>"; };
		89B4DFE329676F4200BE584A /* ReportModel.swift */ = {isa = PBXFileReference; lastKnownFileType = sourcecode.swift; path = ReportModel.swift; sourceTree = "<group>"; };
		89B53AF8295BA54B00BAC746 /* PostModel.swift */ = {isa = PBXFileReference; lastKnownFileType = sourcecode.swift; path = PostModel.swift; sourceTree = "<group>"; };
		89B53AFA295BBCB900BAC746 /* UserModel.swift */ = {isa = PBXFileReference; lastKnownFileType = sourcecode.swift; path = UserModel.swift; sourceTree = "<group>"; };
		89B53B0A295BD2DD00BAC746 /* TLoginView.swift */ = {isa = PBXFileReference; lastKnownFileType = sourcecode.swift; path = TLoginView.swift; sourceTree = "<group>"; };
		89B53B0C295BD40400BAC746 /* Extensions.swift */ = {isa = PBXFileReference; lastKnownFileType = sourcecode.swift; path = Extensions.swift; sourceTree = "<group>"; };
		89B53B0E295CA99F00BAC746 /* HomeView.swift */ = {isa = PBXFileReference; lastKnownFileType = sourcecode.swift; path = HomeView.swift; sourceTree = "<group>"; };
		89B53B10295CB41D00BAC746 /* LoadingView.swift */ = {isa = PBXFileReference; lastKnownFileType = sourcecode.swift; path = LoadingView.swift; sourceTree = "<group>"; };
		89B53B14295CDB5900BAC746 /* MyProfileView.swift */ = {isa = PBXFileReference; lastKnownFileType = sourcecode.swift; path = MyProfileView.swift; sourceTree = "<group>"; };
		89B53B18295D281C00BAC746 /* PostCardView.swift */ = {isa = PBXFileReference; lastKnownFileType = sourcecode.swift; path = PostCardView.swift; sourceTree = "<group>"; };
		89B53B1A295D393E00BAC746 /* Examples.swift */ = {isa = PBXFileReference; lastKnownFileType = sourcecode.swift; path = Examples.swift; sourceTree = "<group>"; };
		89D3ADAB2967AC22005B89FE /* AboutSheetView.swift */ = {isa = PBXFileReference; lastKnownFileType = sourcecode.swift; path = AboutSheetView.swift; sourceTree = "<group>"; };
		89D3ADAD2968C314005B89FE /* TFeedReviewCardView.swift */ = {isa = PBXFileReference; lastKnownFileType = sourcecode.swift; path = TFeedReviewCardView.swift; sourceTree = "<group>"; };
		89E4AE6D29463985002BE54C /* LoginView.swift */ = {isa = PBXFileReference; lastKnownFileType = sourcecode.swift; path = LoginView.swift; sourceTree = "<group>"; };
		89E4AE6F29463D32002BE54C /* GoogleService-Info.plist */ = {isa = PBXFileReference; fileEncoding = 4; lastKnownFileType = text.plist.xml; path = "GoogleService-Info.plist"; sourceTree = "<group>"; };
/* End PBXFileReference section */

/* Begin PBXFrameworksBuildPhase section */
		890F4A4329413E70003B020D /* Frameworks */ = {
			isa = PBXFrameworksBuildPhase;
			buildActionMask = 2147483647;
			files = (
				8987007F296F158500042CA8 /* FirebaseMessaging in Frameworks */,
				89870070296E6DFE00042CA8 /* SDWebImageSwiftUI in Frameworks */,
				89870081296F158500042CA8 /* FirebaseStorage in Frameworks */,
				89870086296F167600042CA8 /* FirebaseAnalyticsSwift in Frameworks */,
				89870073296F158500042CA8 /* FirebaseAuth in Frameworks */,
				8987007D296F158500042CA8 /* FirebaseInAppMessagingSwift-Beta in Frameworks */,
				89870079296F158500042CA8 /* FirebaseFunctions in Frameworks */,
				89870075296F158500042CA8 /* FirebaseFirestore in Frameworks */,
				89870077296F158500042CA8 /* FirebaseFirestoreSwift in Frameworks */,
				89870084296F167600042CA8 /* FirebaseAnalytics in Frameworks */,
				8987007B296F158500042CA8 /* FirebaseInAppMessaging-Beta in Frameworks */,
			);
			runOnlyForDeploymentPostprocessing = 0;
		};
/* End PBXFrameworksBuildPhase section */

/* Begin PBXGroup section */
		890F4A3D29413E70003B020D = {
			isa = PBXGroup;
			children = (
				890F4A4829413E70003B020D /* eris */,
				890F4A4729413E70003B020D /* Products */,
				89870082296F167600042CA8 /* Frameworks */,
			);
			sourceTree = "<group>";
		};
		890F4A4729413E70003B020D /* Products */ = {
			isa = PBXGroup;
			children = (
				890F4A4629413E70003B020D /* eris.app */,
			);
			name = Products;
			sourceTree = "<group>";
		};
		890F4A4829413E70003B020D /* eris */ = {
			isa = PBXGroup;
			children = (
				89870088296F16CA00042CA8 /* Info.plist */,
				89870087296F16AF00042CA8 /* eris.entitlements */,
				890F4A4929413E70003B020D /* erisApp.swift */,
				89870068296E051000042CA8 /* ScrollViewController.swift */,
				89B53AFD295BBDFB00BAC746 /* Views */,
				89B53AFC295BBDF000BAC746 /* Models */,
				89B53AFE295BBE3000BAC746 /* Utils */,
				890F4A4D29413E71003B020D /* Assets.xcassets */,
				89E4AE6F29463D32002BE54C /* GoogleService-Info.plist */,
				890F4A4F29413E71003B020D /* Preview Content */,
				8938E917296C74610083378A /* IDETemplateMacros.plist */,
			);
			path = eris;
			sourceTree = "<group>";
		};
		890F4A4F29413E71003B020D /* Preview Content */ = {
			isa = PBXGroup;
			children = (
				890F4A5029413E71003B020D /* Preview Assets.xcassets */,
			);
			path = "Preview Content";
			sourceTree = "<group>";
		};
		8938E904296A482B0083378A /* FeedViews */ = {
			isa = PBXGroup;
			children = (
				89D3ADAD2968C314005B89FE /* TFeedReviewCardView.swift */,
				89B4DFD729640C1E00BE584A /* FeedView.swift */,
				89B4DFDD2965FAC400BE584A /* FeedPostPageView.swift */,
				89B4DFDB296545FC00BE584A /* FeedPostCardView.swift */,
				8938E90F296A92920083378A /* EmptyFeedView.swift */,
			);
			path = FeedViews;
			sourceTree = "<group>";
		};
		8938E905296A48570083378A /* CommentViews */ = {
			isa = PBXGroup;
			children = (
				894600F3296100B7007D498C /* CommentSectionBodyView.swift */,
				894600F52961D99A007D498C /* AddCommentView.swift */,
			);
			path = CommentViews;
			sourceTree = "<group>";
		};
		8938E906296A48CF0083378A /* PostViews */ = {
			isa = PBXGroup;
			children = (
				89B53B18295D281C00BAC746 /* PostCardView.swift */,
				894600ED2960B80B007D498C /* PostPageView.swift */,
			);
			path = PostViews;
			sourceTree = "<group>";
		};
		8938E907296A49680083378A /* UserProfileViews */ = {
			isa = PBXGroup;
			children = (
				89B53B14295CDB5900BAC746 /* MyProfileView.swift */,
				8938E902296A48110083378A /* EmptyMyProfileView.swift */,
				8938E913296A97380083378A /* EmptyUserProfileView.swift */,
				894600EB295F5EE8007D498C /* UserProfileView.swift */,
				89B4DFD52963741200BE584A /* UserCardView.swift */,
			);
			path = UserProfileViews;
			sourceTree = "<group>";
		};
		8938E908296A499B0083378A /* SearchPageViews */ = {
			isa = PBXGroup;
			children = (
				8979E4BD295E405C00B0DEEA /* SearchPageView.swift */,
				894600E9295F5CE2007D498C /* SearchUserCardView.swift */,
				8938E911296A962B0083378A /* EmptySearchView.swift */,
			);
			path = SearchPageViews;
			sourceTree = "<group>";
		};
		8938E909296A49CB0083378A /* FormViews */ = {
			isa = PBXGroup;
			children = (
				89B4DFE12967682800BE584A /* ReportFormView.swift */,
				890F4A57294154BA003B020D /* PostForm.swift */,
			);
			path = FormViews;
			sourceTree = "<group>";
		};
		8938E90A296A4A0B0083378A /* SignInViews */ = {
			isa = PBXGroup;
			children = (
				89E4AE6D29463985002BE54C /* LoginView.swift */,
				89B53B0A295BD2DD00BAC746 /* TLoginView.swift */,
			);
			path = SignInViews;
			sourceTree = "<group>";
		};
		8938E90B296A4A680083378A /* MiscViews */ = {
			isa = PBXGroup;
			children = (
				89B53B10295CB41D00BAC746 /* LoadingView.swift */,
				89D3ADAB2967AC22005B89FE /* AboutSheetView.swift */,
				894600F12960ED64007D498C /* TestView.swift */,
				89870066296DE8D700042CA8 /* Test2View.swift */,
			);
			path = MiscViews;
			sourceTree = "<group>";
		};
		8938E90C296A5A690083378A /* OnboardingViews */ = {
			isa = PBXGroup;
			children = (
				8938E90D296A5A840083378A /* OnboardingView.swift */,
			);
			path = OnboardingViews;
			sourceTree = "<group>";
		};
		8938E91F296DB8F70083378A /* LivePostViews */ = {
			isa = PBXGroup;
			children = (
				8979E4BB295DDAF800B0DEEA /* LivePostView.swift */,
				8938E91D296CF5E70083378A /* AddLivePostView.swift */,
			);
			path = LivePostViews;
			sourceTree = "<group>";
		};
		895EEAC9297271B40047FBE1 /* TutorialViews */ = {
			isa = PBXGroup;
			children = (
				895EEACA297271CD0047FBE1 /* LivePostTutorialView.swift */,
			);
			path = TutorialViews;
			sourceTree = "<group>";
		};
		89870082296F167600042CA8 /* Frameworks */ = {
			isa = PBXGroup;
			children = (
			);
			name = Frameworks;
			sourceTree = "<group>";
		};
		89B53AFC295BBDF000BAC746 /* Models */ = {
			isa = PBXGroup;
			children = (
				89B53AFA295BBCB900BAC746 /* UserModel.swift */,
				89B4DFDF296629DC00BE584A /* LikeModel.swift */,
				89B53AF8295BA54B00BAC746 /* PostModel.swift */,
				894600EF2960DB12007D498C /* CommentModel.swift */,
				89B4DFE329676F4200BE584A /* ReportModel.swift */,
				8938E915296B0C530083378A /* MyDataModel.swift */,
				8938E91B296CC1980083378A /* LivePostModel.swift */,
				895EEAC72971EAEE0047FBE1 /* FCMTokenModel.swift */,
			);
			path = Models;
			sourceTree = "<group>";
		};
		89B53AFD295BBDFB00BAC746 /* Views */ = {
			isa = PBXGroup;
			children = (
				89B53B0E295CA99F00BAC746 /* HomeView.swift */,
				89099F9429786DCB00107977 /* BackgroundView.swift */,
				895EEAC9297271B40047FBE1 /* TutorialViews */,
				8938E90C296A5A690083378A /* OnboardingViews */,
				8938E909296A49CB0083378A /* FormViews */,
				8938E908296A499B0083378A /* SearchPageViews */,
				8938E904296A482B0083378A /* FeedViews */,
				8938E907296A49680083378A /* UserProfileViews */,
				8938E91F296DB8F70083378A /* LivePostViews */,
				8938E906296A48CF0083378A /* PostViews */,
				8938E905296A48570083378A /* CommentViews */,
				8938E90A296A4A0B0083378A /* SignInViews */,
				8938E90B296A4A680083378A /* MiscViews */,
			);
			path = Views;
			sourceTree = "<group>";
		};
		89B53AFE295BBE3000BAC746 /* Utils */ = {
			isa = PBXGroup;
			children = (
				89A4BF8029466C8C005910FF /* FirebaseManager.swift */,
				89B53B0C295BD40400BAC746 /* Extensions.swift */,
				89B53B1A295D393E00BAC746 /* Examples.swift */,
				8938E9002969F5FB0083378A /* AuthError.swift */,
			);
			path = Utils;
			sourceTree = "<group>";
		};
/* End PBXGroup section */

/* Begin PBXNativeTarget section */
		890F4A4529413E70003B020D /* eris */ = {
			isa = PBXNativeTarget;
			buildConfigurationList = 890F4A5429413E71003B020D /* Build configuration list for PBXNativeTarget "eris" */;
			buildPhases = (
				890F4A4229413E70003B020D /* Sources */,
				890F4A4329413E70003B020D /* Frameworks */,
				890F4A4429413E70003B020D /* Resources */,
			);
			buildRules = (
			);
			dependencies = (
			);
			name = eris;
			packageProductDependencies = (
				8987006F296E6DFE00042CA8 /* SDWebImageSwiftUI */,
				89870072296F158500042CA8 /* FirebaseAuth */,
				89870074296F158500042CA8 /* FirebaseFirestore */,
				89870076296F158500042CA8 /* FirebaseFirestoreSwift */,
				89870078296F158500042CA8 /* FirebaseFunctions */,
				8987007A296F158500042CA8 /* FirebaseInAppMessaging-Beta */,
				8987007C296F158500042CA8 /* FirebaseInAppMessagingSwift-Beta */,
				8987007E296F158500042CA8 /* FirebaseMessaging */,
				89870080296F158500042CA8 /* FirebaseStorage */,
				89870083296F167600042CA8 /* FirebaseAnalytics */,
				89870085296F167600042CA8 /* FirebaseAnalyticsSwift */,
			);
			productName = eris;
			productReference = 890F4A4629413E70003B020D /* eris.app */;
			productType = "com.apple.product-type.application";
		};
/* End PBXNativeTarget section */

/* Begin PBXProject section */
		890F4A3E29413E70003B020D /* Project object */ = {
			isa = PBXProject;
			attributes = {
				BuildIndependentTargetsInParallel = 1;
				LastSwiftUpdateCheck = 1410;
				LastUpgradeCheck = 1410;
				TargetAttributes = {
					890F4A4529413E70003B020D = {
						CreatedOnToolsVersion = 14.1;
					};
				};
			};
			buildConfigurationList = 890F4A4129413E70003B020D /* Build configuration list for PBXProject "eris" */;
			compatibilityVersion = "Xcode 14.0";
			developmentRegion = en;
			hasScannedForEncodings = 0;
			knownRegions = (
				en,
				Base,
			);
			mainGroup = 890F4A3D29413E70003B020D;
			packageReferences = (
				8987006E296E6DFE00042CA8 /* XCRemoteSwiftPackageReference "SDWebImageSwiftUI" */,
				89870071296F158500042CA8 /* XCRemoteSwiftPackageReference "firebase-ios-sdk" */,
			);
			productRefGroup = 890F4A4729413E70003B020D /* Products */;
			projectDirPath = "";
			projectRoot = "";
			targets = (
				890F4A4529413E70003B020D /* eris */,
			);
		};
/* End PBXProject section */

/* Begin PBXResourcesBuildPhase section */
		890F4A4429413E70003B020D /* Resources */ = {
			isa = PBXResourcesBuildPhase;
			buildActionMask = 2147483647;
			files = (
				8938E918296C74610083378A /* IDETemplateMacros.plist in Resources */,
				890F4A5129413E71003B020D /* Preview Assets.xcassets in Resources */,
				89E4AE7029463D32002BE54C /* GoogleService-Info.plist in Resources */,
				890F4A4E29413E71003B020D /* Assets.xcassets in Resources */,
			);
			runOnlyForDeploymentPostprocessing = 0;
		};
/* End PBXResourcesBuildPhase section */

/* Begin PBXSourcesBuildPhase section */
		890F4A4229413E70003B020D /* Sources */ = {
			isa = PBXSourcesBuildPhase;
			buildActionMask = 2147483647;
			files = (
				89099F9529786DCB00107977 /* BackgroundView.swift in Sources */,
				8938E912296A962B0083378A /* EmptySearchView.swift in Sources */,
				894600F22960ED64007D498C /* TestView.swift in Sources */,
				894600F62961D99A007D498C /* AddCommentView.swift in Sources */,
				89B53B1B295D393E00BAC746 /* Examples.swift in Sources */,
				89D3ADAE2968C314005B89FE /* TFeedReviewCardView.swift in Sources */,
				894600EC295F5EE8007D498C /* UserProfileView.swift in Sources */,
				890F4A58294154BA003B020D /* PostForm.swift in Sources */,
				895EEAC82971EAEE0047FBE1 /* FCMTokenModel.swift in Sources */,
				89B53B0D295BD40400BAC746 /* Extensions.swift in Sources */,
				89D3ADAC2967AC22005B89FE /* AboutSheetView.swift in Sources */,
				89B4DFDE2965FAC400BE584A /* FeedPostPageView.swift in Sources */,
				8938E914296A97380083378A /* EmptyUserProfileView.swift in Sources */,
				89B53AFB295BBCB900BAC746 /* UserModel.swift in Sources */,
				89B53B11295CB41D00BAC746 /* LoadingView.swift in Sources */,
				89B53B15295CDB5A00BAC746 /* MyProfileView.swift in Sources */,
				89B4DFD62963741200BE584A /* UserCardView.swift in Sources */,
				89B4DFD829640C1E00BE584A /* FeedView.swift in Sources */,
				89B4DFE0296629DC00BE584A /* LikeModel.swift in Sources */,
				8938E90E296A5A840083378A /* OnboardingView.swift in Sources */,
				89B53B19295D281C00BAC746 /* PostCardView.swift in Sources */,
				8938E916296B0C530083378A /* MyDataModel.swift in Sources */,
				894600EE2960B80B007D498C /* PostPageView.swift in Sources */,
				89B53B0F295CA99F00BAC746 /* HomeView.swift in Sources */,
				89B53B0B295BD2DD00BAC746 /* TLoginView.swift in Sources */,
				89B4DFE22967682800BE584A /* ReportFormView.swift in Sources */,
				89A4BF8129466C8C005910FF /* FirebaseManager.swift in Sources */,
				894600EA295F5CE2007D498C /* SearchUserCardView.swift in Sources */,
				894600F4296100B7007D498C /* CommentSectionBodyView.swift in Sources */,
				8938E910296A92920083378A /* EmptyFeedView.swift in Sources */,
				8938E91C296CC1980083378A /* LivePostModel.swift in Sources */,
				89B4DFDC296545FC00BE584A /* FeedPostCardView.swift in Sources */,
				89E4AE6E29463985002BE54C /* LoginView.swift in Sources */,
				89870069296E051000042CA8 /* ScrollViewController.swift in Sources */,
				8979E4BC295DDAF800B0DEEA /* LivePostView.swift in Sources */,
				8938E91E296CF5E70083378A /* AddLivePostView.swift in Sources */,
				89870067296DE8D700042CA8 /* Test2View.swift in Sources */,
				8938E9012969F5FB0083378A /* AuthError.swift in Sources */,
				8979E4BE295E405C00B0DEEA /* SearchPageView.swift in Sources */,
				895EEACB297271CD0047FBE1 /* LivePostTutorialView.swift in Sources */,
				894600F02960DB12007D498C /* CommentModel.swift in Sources */,
				89B4DFE429676F4200BE584A /* ReportModel.swift in Sources */,
				890F4A4A29413E70003B020D /* erisApp.swift in Sources */,
				8938E903296A48110083378A /* EmptyMyProfileView.swift in Sources */,
				89B53AF9295BA54B00BAC746 /* PostModel.swift in Sources */,
			);
			runOnlyForDeploymentPostprocessing = 0;
		};
/* End PBXSourcesBuildPhase section */

/* Begin XCBuildConfiguration section */
		890F4A5229413E71003B020D /* Debug */ = {
			isa = XCBuildConfiguration;
			buildSettings = {
				ALWAYS_SEARCH_USER_PATHS = NO;
				CLANG_ANALYZER_NONNULL = YES;
				CLANG_ANALYZER_NUMBER_OBJECT_CONVERSION = YES_AGGRESSIVE;
				CLANG_CXX_LANGUAGE_STANDARD = "gnu++20";
				CLANG_ENABLE_MODULES = YES;
				CLANG_ENABLE_OBJC_ARC = YES;
				CLANG_ENABLE_OBJC_WEAK = YES;
				CLANG_WARN_BLOCK_CAPTURE_AUTORELEASING = YES;
				CLANG_WARN_BOOL_CONVERSION = YES;
				CLANG_WARN_COMMA = YES;
				CLANG_WARN_CONSTANT_CONVERSION = YES;
				CLANG_WARN_DEPRECATED_OBJC_IMPLEMENTATIONS = YES;
				CLANG_WARN_DIRECT_OBJC_ISA_USAGE = YES_ERROR;
				CLANG_WARN_DOCUMENTATION_COMMENTS = YES;
				CLANG_WARN_EMPTY_BODY = YES;
				CLANG_WARN_ENUM_CONVERSION = YES;
				CLANG_WARN_INFINITE_RECURSION = YES;
				CLANG_WARN_INT_CONVERSION = YES;
				CLANG_WARN_NON_LITERAL_NULL_CONVERSION = YES;
				CLANG_WARN_OBJC_IMPLICIT_RETAIN_SELF = YES;
				CLANG_WARN_OBJC_LITERAL_CONVERSION = YES;
				CLANG_WARN_OBJC_ROOT_CLASS = YES_ERROR;
				CLANG_WARN_QUOTED_INCLUDE_IN_FRAMEWORK_HEADER = YES;
				CLANG_WARN_RANGE_LOOP_ANALYSIS = YES;
				CLANG_WARN_STRICT_PROTOTYPES = YES;
				CLANG_WARN_SUSPICIOUS_MOVE = YES;
				CLANG_WARN_UNGUARDED_AVAILABILITY = YES_AGGRESSIVE;
				CLANG_WARN_UNREACHABLE_CODE = YES;
				CLANG_WARN__DUPLICATE_METHOD_MATCH = YES;
				COPY_PHASE_STRIP = NO;
				DEBUG_INFORMATION_FORMAT = dwarf;
				ENABLE_STRICT_OBJC_MSGSEND = YES;
				ENABLE_TESTABILITY = YES;
				GCC_C_LANGUAGE_STANDARD = gnu11;
				GCC_DYNAMIC_NO_PIC = NO;
				GCC_NO_COMMON_BLOCKS = YES;
				GCC_OPTIMIZATION_LEVEL = 0;
				GCC_PREPROCESSOR_DEFINITIONS = (
					"DEBUG=1",
					"$(inherited)",
				);
				GCC_WARN_64_TO_32_BIT_CONVERSION = YES;
				GCC_WARN_ABOUT_RETURN_TYPE = YES_ERROR;
				GCC_WARN_UNDECLARED_SELECTOR = YES;
				GCC_WARN_UNINITIALIZED_AUTOS = YES_AGGRESSIVE;
				GCC_WARN_UNUSED_FUNCTION = YES;
				GCC_WARN_UNUSED_VARIABLE = YES;
				IPHONEOS_DEPLOYMENT_TARGET = 16.2;
				MTL_ENABLE_DEBUG_INFO = INCLUDE_SOURCE;
				MTL_FAST_MATH = YES;
				ONLY_ACTIVE_ARCH = YES;
				SDKROOT = iphoneos;
				SWIFT_ACTIVE_COMPILATION_CONDITIONS = DEBUG;
				SWIFT_OPTIMIZATION_LEVEL = "-Onone";
			};
			name = Debug;
		};
		890F4A5329413E71003B020D /* Release */ = {
			isa = XCBuildConfiguration;
			buildSettings = {
				ALWAYS_SEARCH_USER_PATHS = NO;
				CLANG_ANALYZER_NONNULL = YES;
				CLANG_ANALYZER_NUMBER_OBJECT_CONVERSION = YES_AGGRESSIVE;
				CLANG_CXX_LANGUAGE_STANDARD = "gnu++20";
				CLANG_ENABLE_MODULES = YES;
				CLANG_ENABLE_OBJC_ARC = YES;
				CLANG_ENABLE_OBJC_WEAK = YES;
				CLANG_WARN_BLOCK_CAPTURE_AUTORELEASING = YES;
				CLANG_WARN_BOOL_CONVERSION = YES;
				CLANG_WARN_COMMA = YES;
				CLANG_WARN_CONSTANT_CONVERSION = YES;
				CLANG_WARN_DEPRECATED_OBJC_IMPLEMENTATIONS = YES;
				CLANG_WARN_DIRECT_OBJC_ISA_USAGE = YES_ERROR;
				CLANG_WARN_DOCUMENTATION_COMMENTS = YES;
				CLANG_WARN_EMPTY_BODY = YES;
				CLANG_WARN_ENUM_CONVERSION = YES;
				CLANG_WARN_INFINITE_RECURSION = YES;
				CLANG_WARN_INT_CONVERSION = YES;
				CLANG_WARN_NON_LITERAL_NULL_CONVERSION = YES;
				CLANG_WARN_OBJC_IMPLICIT_RETAIN_SELF = YES;
				CLANG_WARN_OBJC_LITERAL_CONVERSION = YES;
				CLANG_WARN_OBJC_ROOT_CLASS = YES_ERROR;
				CLANG_WARN_QUOTED_INCLUDE_IN_FRAMEWORK_HEADER = YES;
				CLANG_WARN_RANGE_LOOP_ANALYSIS = YES;
				CLANG_WARN_STRICT_PROTOTYPES = YES;
				CLANG_WARN_SUSPICIOUS_MOVE = YES;
				CLANG_WARN_UNGUARDED_AVAILABILITY = YES_AGGRESSIVE;
				CLANG_WARN_UNREACHABLE_CODE = YES;
				CLANG_WARN__DUPLICATE_METHOD_MATCH = YES;
				COPY_PHASE_STRIP = NO;
				DEBUG_INFORMATION_FORMAT = "dwarf-with-dsym";
				ENABLE_NS_ASSERTIONS = NO;
				ENABLE_STRICT_OBJC_MSGSEND = YES;
				GCC_C_LANGUAGE_STANDARD = gnu11;
				GCC_NO_COMMON_BLOCKS = YES;
				GCC_WARN_64_TO_32_BIT_CONVERSION = YES;
				GCC_WARN_ABOUT_RETURN_TYPE = YES_ERROR;
				GCC_WARN_UNDECLARED_SELECTOR = YES;
				GCC_WARN_UNINITIALIZED_AUTOS = YES_AGGRESSIVE;
				GCC_WARN_UNUSED_FUNCTION = YES;
				GCC_WARN_UNUSED_VARIABLE = YES;
				IPHONEOS_DEPLOYMENT_TARGET = 16.2;
				MTL_ENABLE_DEBUG_INFO = NO;
				MTL_FAST_MATH = YES;
				SDKROOT = iphoneos;
				SWIFT_COMPILATION_MODE = wholemodule;
				SWIFT_OPTIMIZATION_LEVEL = "-O";
				VALIDATE_PRODUCT = YES;
			};
			name = Release;
		};
		890F4A5529413E71003B020D /* Debug */ = {
			isa = XCBuildConfiguration;
			buildSettings = {
				ASSETCATALOG_COMPILER_APPICON_NAME = AppIcon;
				ASSETCATALOG_COMPILER_GLOBAL_ACCENT_COLOR_NAME = AccentColor;
				CODE_SIGN_ENTITLEMENTS = eris/eris.entitlements;
				CODE_SIGN_STYLE = Automatic;
				CURRENT_PROJECT_VERSION = 1;
				DEVELOPMENT_ASSET_PATHS = "\"eris/Preview Content\"";
				DEVELOPMENT_TEAM = L4M75K683P;
				ENABLE_PREVIEWS = YES;
				GENERATE_INFOPLIST_FILE = YES;
				INFOPLIST_FILE = eris/Info.plist;
				INFOPLIST_KEY_CFBundleDisplayName = "Boujè";
				INFOPLIST_KEY_LSApplicationCategoryType = "public.app-category.social-networking";
				INFOPLIST_KEY_UIApplicationSceneManifest_Generation = YES;
				INFOPLIST_KEY_UIApplicationSupportsIndirectInputEvents = YES;
				INFOPLIST_KEY_UILaunchScreen_Generation = YES;
				INFOPLIST_KEY_UISupportedInterfaceOrientations = UIInterfaceOrientationPortrait;
				INFOPLIST_KEY_UISupportedInterfaceOrientations_iPad = "UIInterfaceOrientationLandscapeLeft UIInterfaceOrientationLandscapeRight UIInterfaceOrientationPortrait UIInterfaceOrientationPortraitUpsideDown";
				INFOPLIST_KEY_UIUserInterfaceStyle = Dark;
				LD_RUNPATH_SEARCH_PATHS = (
					"$(inherited)",
					"@executable_path/Frameworks",
				);
				MARKETING_VERSION = 1.1;
				PRODUCT_BUNDLE_IDENTIFIER = com.apekshik.eris;
				PRODUCT_NAME = "$(TARGET_NAME)";
				SWIFT_EMIT_LOC_STRINGS = YES;
				SWIFT_VERSION = 5.0;
				TARGETED_DEVICE_FAMILY = "1,2";
			};
			name = Debug;
		};
		890F4A5629413E71003B020D /* Release */ = {
			isa = XCBuildConfiguration;
			buildSettings = {
				ASSETCATALOG_COMPILER_APPICON_NAME = AppIcon;
				ASSETCATALOG_COMPILER_GLOBAL_ACCENT_COLOR_NAME = AccentColor;
				CODE_SIGN_ENTITLEMENTS = eris/eris.entitlements;
				CODE_SIGN_STYLE = Automatic;
				CURRENT_PROJECT_VERSION = 1;
				DEVELOPMENT_ASSET_PATHS = "\"eris/Preview Content\"";
				DEVELOPMENT_TEAM = L4M75K683P;
				ENABLE_PREVIEWS = YES;
				GENERATE_INFOPLIST_FILE = YES;
				INFOPLIST_FILE = eris/Info.plist;
				INFOPLIST_KEY_CFBundleDisplayName = "Boujè";
				INFOPLIST_KEY_LSApplicationCategoryType = "public.app-category.social-networking";
				INFOPLIST_KEY_UIApplicationSceneManifest_Generation = YES;
				INFOPLIST_KEY_UIApplicationSupportsIndirectInputEvents = YES;
				INFOPLIST_KEY_UILaunchScreen_Generation = YES;
				INFOPLIST_KEY_UISupportedInterfaceOrientations = UIInterfaceOrientationPortrait;
				INFOPLIST_KEY_UISupportedInterfaceOrientations_iPad = "UIInterfaceOrientationLandscapeLeft UIInterfaceOrientationLandscapeRight UIInterfaceOrientationPortrait UIInterfaceOrientationPortraitUpsideDown";
				INFOPLIST_KEY_UIUserInterfaceStyle = Dark;
				LD_RUNPATH_SEARCH_PATHS = (
					"$(inherited)",
					"@executable_path/Frameworks",
				);
				MARKETING_VERSION = 1.1;
				PRODUCT_BUNDLE_IDENTIFIER = com.apekshik.eris;
				PRODUCT_NAME = "$(TARGET_NAME)";
				SWIFT_EMIT_LOC_STRINGS = YES;
				SWIFT_VERSION = 5.0;
				TARGETED_DEVICE_FAMILY = "1,2";
			};
			name = Release;
		};
/* End XCBuildConfiguration section */

/* Begin XCConfigurationList section */
		890F4A4129413E70003B020D /* Build configuration list for PBXProject "eris" */ = {
			isa = XCConfigurationList;
			buildConfigurations = (
				890F4A5229413E71003B020D /* Debug */,
				890F4A5329413E71003B020D /* Release */,
			);
			defaultConfigurationIsVisible = 0;
			defaultConfigurationName = Release;
		};
		890F4A5429413E71003B020D /* Build configuration list for PBXNativeTarget "eris" */ = {
			isa = XCConfigurationList;
			buildConfigurations = (
				890F4A5529413E71003B020D /* Debug */,
				890F4A5629413E71003B020D /* Release */,
			);
			defaultConfigurationIsVisible = 0;
			defaultConfigurationName = Release;
		};
/* End XCConfigurationList section */

/* Begin XCRemoteSwiftPackageReference section */
		8987006E296E6DFE00042CA8 /* XCRemoteSwiftPackageReference "SDWebImageSwiftUI" */ = {
			isa = XCRemoteSwiftPackageReference;
			repositoryURL = "https://github.com/SDWebImage/SDWebImageSwiftUI.git";
			requirement = {
				kind = upToNextMajorVersion;
				minimumVersion = 2.0.0;
			};
		};
		89870071296F158500042CA8 /* XCRemoteSwiftPackageReference "firebase-ios-sdk" */ = {
			isa = XCRemoteSwiftPackageReference;
			repositoryURL = "https://github.com/firebase/firebase-ios-sdk";
			requirement = {
				branch = master;
				kind = branch;
			};
		};
/* End XCRemoteSwiftPackageReference section */

/* Begin XCSwiftPackageProductDependency section */
		8987006F296E6DFE00042CA8 /* SDWebImageSwiftUI */ = {
			isa = XCSwiftPackageProductDependency;
			package = 8987006E296E6DFE00042CA8 /* XCRemoteSwiftPackageReference "SDWebImageSwiftUI" */;
			productName = SDWebImageSwiftUI;
		};
		89870072296F158500042CA8 /* FirebaseAuth */ = {
			isa = XCSwiftPackageProductDependency;
			package = 89870071296F158500042CA8 /* XCRemoteSwiftPackageReference "firebase-ios-sdk" */;
			productName = FirebaseAuth;
		};
		89870074296F158500042CA8 /* FirebaseFirestore */ = {
			isa = XCSwiftPackageProductDependency;
			package = 89870071296F158500042CA8 /* XCRemoteSwiftPackageReference "firebase-ios-sdk" */;
			productName = FirebaseFirestore;
		};
		89870076296F158500042CA8 /* FirebaseFirestoreSwift */ = {
			isa = XCSwiftPackageProductDependency;
			package = 89870071296F158500042CA8 /* XCRemoteSwiftPackageReference "firebase-ios-sdk" */;
			productName = FirebaseFirestoreSwift;
		};
		89870078296F158500042CA8 /* FirebaseFunctions */ = {
			isa = XCSwiftPackageProductDependency;
			package = 89870071296F158500042CA8 /* XCRemoteSwiftPackageReference "firebase-ios-sdk" */;
			productName = FirebaseFunctions;
		};
		8987007A296F158500042CA8 /* FirebaseInAppMessaging-Beta */ = {
			isa = XCSwiftPackageProductDependency;
			package = 89870071296F158500042CA8 /* XCRemoteSwiftPackageReference "firebase-ios-sdk" */;
			productName = "FirebaseInAppMessaging-Beta";
		};
		8987007C296F158500042CA8 /* FirebaseInAppMessagingSwift-Beta */ = {
			isa = XCSwiftPackageProductDependency;
			package = 89870071296F158500042CA8 /* XCRemoteSwiftPackageReference "firebase-ios-sdk" */;
			productName = "FirebaseInAppMessagingSwift-Beta";
		};
		8987007E296F158500042CA8 /* FirebaseMessaging */ = {
			isa = XCSwiftPackageProductDependency;
			package = 89870071296F158500042CA8 /* XCRemoteSwiftPackageReference "firebase-ios-sdk" */;
			productName = FirebaseMessaging;
		};
		89870080296F158500042CA8 /* FirebaseStorage */ = {
			isa = XCSwiftPackageProductDependency;
			package = 89870071296F158500042CA8 /* XCRemoteSwiftPackageReference "firebase-ios-sdk" */;
			productName = FirebaseStorage;
		};
		89870083296F167600042CA8 /* FirebaseAnalytics */ = {
			isa = XCSwiftPackageProductDependency;
			package = 89870071296F158500042CA8 /* XCRemoteSwiftPackageReference "firebase-ios-sdk" */;
			productName = FirebaseAnalytics;
		};
		89870085296F167600042CA8 /* FirebaseAnalyticsSwift */ = {
			isa = XCSwiftPackageProductDependency;
			package = 89870071296F158500042CA8 /* XCRemoteSwiftPackageReference "firebase-ios-sdk" */;
			productName = FirebaseAnalyticsSwift;
		};
/* End XCSwiftPackageProductDependency section */
	};
	rootObject = 890F4A3E29413E70003B020D /* Project object */;
}
